<Solution>
  <Folder Name="/src/">
    <Project Path="src/ElProgreso.Coop.Application/ElProgreso.Coop.Application.csproj" />
    <Project Path="src/ElProgreso.Coop.Domain/ElProgreso.Coop.Domain.csproj" />
    <Project Path="src/ElProgreso.Coop.Infrastructure/ElProgreso.Coop.Infrastructure.csproj" />
    <Project Path="src/ElProgreso.Coop.Presentation.Console/ElProgreso.Coop.Presentation.Console.csproj" />
  </Folder>
  <Folder Name="/tests/">
    <Project Path="tests/ElProgreso.Coop.Tests/ElProgreso.Coop.Tests.csproj" />
  </Folder>
</Solution>
